PODS:
  - Alamofire (5.6.1)
  - MBProgressHUD (1.2.0)

DEPENDENCIES:
  - Alamofire
  - MBProgressHUD

SPEC REPOS:
  trunk:
    - Alamofire
    - MBProgressHUD

SPEC CHECKSUMS:
  Alamofire: 87bd8c952f9a4454320fce00d9cc3de57bcadaf5
  MBProgressHUD: 3ee5efcc380f6a79a7cc9b363dd669c5e1ae7406

PODFILE CHECKSUM: 44cf8029d0a558cc41fcd1b8aad2bcf6ab37034b

COCOAPODS: 1.11.2
